
Microsoft Visual Studio Solution File, Format Version 12.00
# Visual Studio Version 16
VisualStudioVersion = 16.0.29905.134
MinimumVisualStudioVersion = 10.0.40219.1
Project("{2150E333-8FDC-42A3-9474-1A3956D46DE8}") = "Lesson01", "Lesson01", "{56ABA076-24D2-42B6-823C-2172240ED23F}"
EndProject
Project("{FAE04EC0-301F-11D3-BF4B-00C04F79EFBC}") = "Lesson01", "Lesson01\Lesson01.csproj", "{C7BED5A1-9E07-4E70-AD40-FDA8001503E4}"
EndProject
Project("{FAE04EC0-301F-11D3-BF4B-00C04F79EFBC}") = "Utility", "Utility\Utility.csproj", "{239B00C3-BE2F-4952-B5A8-368132216AD2}"
EndProject
Project("{2150E333-8FDC-42A3-9474-1A3956D46DE8}") = "Lesson02", "Lesson02", "{29F9E797-4E38-4630-AC54-CFA90CA51E89}"
EndProject
Project("{FAE04EC0-301F-11D3-BF4B-00C04F79EFBC}") = "Lesson02", "Lesson02\Lesson02.csproj", "{EC919B27-B1BF-4719-8A9D-E569A9FA4BB6}"
EndProject
Project("{2150E333-8FDC-42A3-9474-1A3956D46DE8}") = "Lesson03", "Lesson03", "{6123C94C-95F3-43C2-BAFD-1E7BF02CA1DB}"
EndProject
Project("{FAE04EC0-301F-11D3-BF4B-00C04F79EFBC}") = "Lesson03", "Lesson03\Lesson03.csproj", "{D77CD33E-2FAD-4887-802C-1DF42646417D}"
EndProject
Project("{2150E333-8FDC-42A3-9474-1A3956D46DE8}") = "Lesson04", "Lesson04", "{E156FECC-6F37-46B2-98A5-E8F68A14291D}"
EndProject
Project("{FAE04EC0-301F-11D3-BF4B-00C04F79EFBC}") = "Lesson04", "Lesson04\Lesson04.csproj", "{202A0928-185F-453E-B10F-A26FDD91032D}"
EndProject
Project("{2150E333-8FDC-42A3-9474-1A3956D46DE8}") = "Lesson05", "Lesson05", "{0563F2D9-BB17-46F9-9059-70727E2669CF}"
EndProject
Project("{FAE04EC0-301F-11D3-BF4B-00C04F79EFBC}") = "Lesson05", "Lesson05\Lesson05.csproj", "{D7E6CCF1-29F8-451F-8867-1F5DAF594595}"
EndProject
Project("{2150E333-8FDC-42A3-9474-1A3956D46DE8}") = "Lesson06", "Lesson06", "{8625454A-151D-4BDC-B0E5-2E8951035C26}"
EndProject
Project("{FAE04EC0-301F-11D3-BF4B-00C04F79EFBC}") = "Lesson06", "Lesson06\Lesson06.csproj", "{64E4FE21-6990-4611-B0E2-AFAA1EF7E49A}"
EndProject
Project("{2150E333-8FDC-42A3-9474-1A3956D46DE8}") = "Lesson07", "Lesson07", "{92D54EF3-B2B3-4107-B1D2-C59546B9E55C}"
EndProject
Project("{FAE04EC0-301F-11D3-BF4B-00C04F79EFBC}") = "Lesson07", "Lesson07\Lesson07.csproj", "{C5B405F9-1FE7-4757-B4B1-BE171A48E7E2}"
EndProject
Project("{2150E333-8FDC-42A3-9474-1A3956D46DE8}") = "Lesson08", "Lesson08", "{7234CD16-BAEB-48BA-82E0-5F616EDD24C6}"
EndProject
Project("{FAE04EC0-301F-11D3-BF4B-00C04F79EFBC}") = "Lesson08", "Lesson08\Lesson08.csproj", "{9785F327-D374-4FBA-962E-74D611658575}"
EndProject
Project("{FAE04EC0-301F-11D3-BF4B-00C04F79EFBC}") = "Test", "Test\Test.csproj", "{75949E7A-7469-4A83-88E1-B3FAC998295D}"
EndProject
Global
	GlobalSection(SolutionConfigurationPlatforms) = preSolution
		Debug|Any CPU = Debug|Any CPU
		Release|Any CPU = Release|Any CPU
	EndGlobalSection
	GlobalSection(ProjectConfigurationPlatforms) = postSolution
		{C7BED5A1-9E07-4E70-AD40-FDA8001503E4}.Debug|Any CPU.ActiveCfg = Debug|Any CPU
		{C7BED5A1-9E07-4E70-AD40-FDA8001503E4}.Debug|Any CPU.Build.0 = Debug|Any CPU
		{C7BED5A1-9E07-4E70-AD40-FDA8001503E4}.Release|Any CPU.ActiveCfg = Release|Any CPU
		{C7BED5A1-9E07-4E70-AD40-FDA8001503E4}.Release|Any CPU.Build.0 = Release|Any CPU
		{239B00C3-BE2F-4952-B5A8-368132216AD2}.Debug|Any CPU.ActiveCfg = Debug|Any CPU
		{239B00C3-BE2F-4952-B5A8-368132216AD2}.Debug|Any CPU.Build.0 = Debug|Any CPU
		{239B00C3-BE2F-4952-B5A8-368132216AD2}.Release|Any CPU.ActiveCfg = Release|Any CPU
		{239B00C3-BE2F-4952-B5A8-368132216AD2}.Release|Any CPU.Build.0 = Release|Any CPU
		{EC919B27-B1BF-4719-8A9D-E569A9FA4BB6}.Debug|Any CPU.ActiveCfg = Debug|Any CPU
		{EC919B27-B1BF-4719-8A9D-E569A9FA4BB6}.Debug|Any CPU.Build.0 = Debug|Any CPU
		{EC919B27-B1BF-4719-8A9D-E569A9FA4BB6}.Release|Any CPU.ActiveCfg = Release|Any CPU
		{EC919B27-B1BF-4719-8A9D-E569A9FA4BB6}.Release|Any CPU.Build.0 = Release|Any CPU
		{D77CD33E-2FAD-4887-802C-1DF42646417D}.Debug|Any CPU.ActiveCfg = Debug|Any CPU
		{D77CD33E-2FAD-4887-802C-1DF42646417D}.Debug|Any CPU.Build.0 = Debug|Any CPU
		{D77CD33E-2FAD-4887-802C-1DF42646417D}.Release|Any CPU.ActiveCfg = Release|Any CPU
		{D77CD33E-2FAD-4887-802C-1DF42646417D}.Release|Any CPU.Build.0 = Release|Any CPU
		{202A0928-185F-453E-B10F-A26FDD91032D}.Debug|Any CPU.ActiveCfg = Debug|Any CPU
		{202A0928-185F-453E-B10F-A26FDD91032D}.Debug|Any CPU.Build.0 = Debug|Any CPU
		{202A0928-185F-453E-B10F-A26FDD91032D}.Release|Any CPU.ActiveCfg = Release|Any CPU
		{202A0928-185F-453E-B10F-A26FDD91032D}.Release|Any CPU.Build.0 = Release|Any CPU
		{D7E6CCF1-29F8-451F-8867-1F5DAF594595}.Debug|Any CPU.ActiveCfg = Debug|Any CPU
		{D7E6CCF1-29F8-451F-8867-1F5DAF594595}.Debug|Any CPU.Build.0 = Debug|Any CPU
		{D7E6CCF1-29F8-451F-8867-1F5DAF594595}.Release|Any CPU.ActiveCfg = Release|Any CPU
		{D7E6CCF1-29F8-451F-8867-1F5DAF594595}.Release|Any CPU.Build.0 = Release|Any CPU
		{64E4FE21-6990-4611-B0E2-AFAA1EF7E49A}.Debug|Any CPU.ActiveCfg = Debug|Any CPU
		{64E4FE21-6990-4611-B0E2-AFAA1EF7E49A}.Debug|Any CPU.Build.0 = Debug|Any CPU
		{64E4FE21-6990-4611-B0E2-AFAA1EF7E49A}.Release|Any CPU.ActiveCfg = Release|Any CPU
		{64E4FE21-6990-4611-B0E2-AFAA1EF7E49A}.Release|Any CPU.Build.0 = Release|Any CPU
		{C5B405F9-1FE7-4757-B4B1-BE171A48E7E2}.Debug|Any CPU.ActiveCfg = Debug|Any CPU
		{C5B405F9-1FE7-4757-B4B1-BE171A48E7E2}.Debug|Any CPU.Build.0 = Debug|Any CPU
		{C5B405F9-1FE7-4757-B4B1-BE171A48E7E2}.Release|Any CPU.ActiveCfg = Release|Any CPU
		{C5B405F9-1FE7-4757-B4B1-BE171A48E7E2}.Release|Any CPU.Build.0 = Release|Any CPU
		{9785F327-D374-4FBA-962E-74D611658575}.Debug|Any CPU.ActiveCfg = Debug|Any CPU
		{9785F327-D374-4FBA-962E-74D611658575}.Debug|Any CPU.Build.0 = Debug|Any CPU
		{9785F327-D374-4FBA-962E-74D611658575}.Release|Any CPU.ActiveCfg = Release|Any CPU
		{9785F327-D374-4FBA-962E-74D611658575}.Release|Any CPU.Build.0 = Release|Any CPU
		{75949E7A-7469-4A83-88E1-B3FAC998295D}.Debug|Any CPU.ActiveCfg = Debug|Any CPU
		{75949E7A-7469-4A83-88E1-B3FAC998295D}.Debug|Any CPU.Build.0 = Debug|Any CPU
		{75949E7A-7469-4A83-88E1-B3FAC998295D}.Release|Any CPU.ActiveCfg = Release|Any CPU
		{75949E7A-7469-4A83-88E1-B3FAC998295D}.Release|Any CPU.Build.0 = Release|Any CPU
	EndGlobalSection
	GlobalSection(SolutionProperties) = preSolution
		HideSolutionNode = FALSE
	EndGlobalSection
	GlobalSection(NestedProjects) = preSolution
		{C7BED5A1-9E07-4E70-AD40-FDA8001503E4} = {56ABA076-24D2-42B6-823C-2172240ED23F}
		{EC919B27-B1BF-4719-8A9D-E569A9FA4BB6} = {29F9E797-4E38-4630-AC54-CFA90CA51E89}
		{D77CD33E-2FAD-4887-802C-1DF42646417D} = {6123C94C-95F3-43C2-BAFD-1E7BF02CA1DB}
		{202A0928-185F-453E-B10F-A26FDD91032D} = {E156FECC-6F37-46B2-98A5-E8F68A14291D}
		{D7E6CCF1-29F8-451F-8867-1F5DAF594595} = {0563F2D9-BB17-46F9-9059-70727E2669CF}
		{64E4FE21-6990-4611-B0E2-AFAA1EF7E49A} = {8625454A-151D-4BDC-B0E5-2E8951035C26}
		{C5B405F9-1FE7-4757-B4B1-BE171A48E7E2} = {92D54EF3-B2B3-4107-B1D2-C59546B9E55C}
		{9785F327-D374-4FBA-962E-74D611658575} = {7234CD16-BAEB-48BA-82E0-5F616EDD24C6}
	EndGlobalSection
	GlobalSection(ExtensibilityGlobals) = postSolution
		SolutionGuid = {9B611DED-70A6-4B87-8A5C-56D1DBBB3A34}
	EndGlobalSection
EndGlobal
